
Microsoft Visual Studio Solution File, Format Version 12.00
# Visual Studio 2013
VisualStudioVersion = 12.0.30501.0
MinimumVisualStudioVersion = 10.0.40219.1
Project("{FAE04EC0-301F-11D3-BF4B-00C04F79EFBC}") = "HIDJoystick", "HIDJoystick\HIDJoystick.csproj", "{93E0088D-E968-4050-8079-949D8B4E6F97}"
EndProject
Project("{FAE04EC0-301F-11D3-BF4B-00C04F79EFBC}") = "SDLJoystick", "SDLJoystick\SDLJoystick.csproj", "{0DD0F441-F25B-41B4-BD1C-4A4C16A363CB}"
EndProject
Global
	GlobalSection(SolutionConfigurationPlatforms) = preSolution
		Debug|Any CPU = Debug|Any CPU
		Release|Any CPU = Release|Any CPU
	EndGlobalSection
	GlobalSection(ProjectConfigurationPlatforms) = postSolution
		{93E0088D-E968-4050-8079-949D8B4E6F97}.Debug|Any CPU.ActiveCfg = Debug|Any CPU
		{93E0088D-E968-4050-8079-949D8B4E6F97}.Debug|Any CPU.Build.0 = Debug|Any CPU
		{93E0088D-E968-4050-8079-949D8B4E6F97}.Release|Any CPU.ActiveCfg = Release|Any CPU
		{93E0088D-E968-4050-8079-949D8B4E6F97}.Release|Any CPU.Build.0 = Release|Any CPU
		{0DD0F441-F25B-41B4-BD1C-4A4C16A363CB}.Debug|Any CPU.ActiveCfg = Debug|Any CPU
		{0DD0F441-F25B-41B4-BD1C-4A4C16A363CB}.Debug|Any CPU.Build.0 = Debug|Any CPU
		{0DD0F441-F25B-41B4-BD1C-4A4C16A363CB}.Release|Any CPU.ActiveCfg = Release|Any CPU
		{0DD0F441-F25B-41B4-BD1C-4A4C16A363CB}.Release|Any CPU.Build.0 = Release|Any CPU
	EndGlobalSection
	GlobalSection(SolutionProperties) = preSolution
		HideSolutionNode = FALSE
	EndGlobalSection
EndGlobal
